
Microsoft Visual Studio Solution File, Format Version 12.00
# Visual Studio Version 17
VisualStudioVersion = 17.14.36705.20 d17.14
MinimumVisualStudioVersion = 10.0.40219.1
Project("{FAE04EC0-301F-11D3-BF4B-00C04F79EFBC}") = "PerFinanc.Web", "PerFinanc.Web\PerFinanc.Web.csproj", "{36556E17-EDB7-44A2-B192-3A445D253CFC}"
EndProject
Global
	GlobalSection(SolutionConfigurationPlatforms) = preSolution
		Debug|Any CPU = Debug|Any CPU
		Release|Any CPU = Release|Any CPU
	EndGlobalSection
	GlobalSection(ProjectConfigurationPlatforms) = postSolution
		{36556E17-EDB7-44A2-B192-3A445D253CFC}.Debug|Any CPU.ActiveCfg = Debug|Any CPU
		{36556E17-EDB7-44A2-B192-3A445D253CFC}.Debug|Any CPU.Build.0 = Debug|Any CPU
		{36556E17-EDB7-44A2-B192-3A445D253CFC}.Release|Any CPU.ActiveCfg = Release|Any CPU
		{36556E17-EDB7-44A2-B192-3A445D253CFC}.Release|Any CPU.Build.0 = Release|Any CPU
	EndGlobalSection
	GlobalSection(SolutionProperties) = preSolution
		HideSolutionNode = FALSE
	EndGlobalSection
	GlobalSection(ExtensibilityGlobals) = postSolution
		SolutionGuid = {EEAC0291-AC10-4C31-8A84-744B425B83E3}
	EndGlobalSection
EndGlobal
